
Microsoft Visual Studio Solution File, Format Version 12.00
# Visual Studio Version 17
VisualStudioVersion = 17.5.002.0
MinimumVisualStudioVersion = 10.0.40219.1
Project("{9A19103F-16F7-4668-BE54-9A1E7A4F7556}") = "BlankProject", "BlankProject\BlankProject.csproj", "{674014E9-E498-4363-BE34-16F4D3BA1015}"
EndProject
Project("{2150E333-8FDC-42A3-9474-1A3956D46DE8}") = "W1", "W1", "{DE98925F-2DC1-488C-B6CB-D8CB888B4B6C}"
EndProject
Project("{9A19103F-16F7-4668-BE54-9A1E7A4F7556}") = "ClassActivity", "W1\ClassActivity\ClassActivity.csproj", "{13FDC360-C8C9-4C58-8CC1-756242223690}"
EndProject
Project("{9A19103F-16F7-4668-BE54-9A1E7A4F7556}") = "helloWorld", "W1\helloWorld\helloWorld.csproj", "{E8A6B843-0DCE-4768-A89B-D0DE7DA0A0F3}"
EndProject
Project("{9A19103F-16F7-4668-BE54-9A1E7A4F7556}") = "Lab1", "W1\Lab1\Lab1.csproj", "{F8128DBE-7B7E-48BF-AB7A-04F0C6D08FEC}"
EndProject
Project("{2150E333-8FDC-42A3-9474-1A3956D46DE8}") = "w2", "w2", "{43AB83EB-524F-4D8E-A1B5-56DAB377E87B}"
EndProject
Project("{9A19103F-16F7-4668-BE54-9A1E7A4F7556}") = "w2", "w2\HW\w2.csproj", "{EF5ED8DF-EDFB-43D2-8B27-B964319D97DA}"
EndProject
Project("{9A19103F-16F7-4668-BE54-9A1E7A4F7556}") = "W2Sample", "w2\W2Sample\W2Sample.csproj", "{D97F9871-A4E1-4A6A-99C4-1F0B2E310466}"
EndProject
Project("{2150E333-8FDC-42A3-9474-1A3956D46DE8}") = "W3", "W3", "{16C819FD-F043-4BD5-877B-540D16E8DA72}"
EndProject
Project("{9A19103F-16F7-4668-BE54-9A1E7A4F7556}") = "w2", "W3\ClassActivity\w2.csproj", "{8799FF18-D769-4143-A4B4-DD59858BA92E}"
EndProject
Project("{9A19103F-16F7-4668-BE54-9A1E7A4F7556}") = "w2 (1)", "W3\HW\w2.csproj", "{F14B9F9F-0087-4137-A086-AD3E3CE411BA}"
EndProject
Project("{2150E333-8FDC-42A3-9474-1A3956D46DE8}") = "W4", "W4", "{156DCAED-16E5-4FA2-996C-2222BAE576B8}"
EndProject
Project("{9A19103F-16F7-4668-BE54-9A1E7A4F7556}") = "week3code", "W4\week4code\week3code.csproj", "{014BC931-7BD3-420B-ABA5-A0EFEDDBFFFE}"
EndProject
Project("{2150E333-8FDC-42A3-9474-1A3956D46DE8}") = "W6", "W6", "{9DC26402-AEF5-4274-8B87-839BCAE2729A}"
EndProject
Project("{9A19103F-16F7-4668-BE54-9A1E7A4F7556}") = "Challenge", "W6\Challenge\Challenge.csproj", "{23F80508-9BE3-4433-823E-A93CC36875A9}"
EndProject
Project("{2150E333-8FDC-42A3-9474-1A3956D46DE8}") = "ClassActivity", "ClassActivity", "{5FA6481E-0196-43DC-814A-B0C7E14758C9}"
EndProject
Project("{9A19103F-16F7-4668-BE54-9A1E7A4F7556}") = "Week3Challenge", "W3\ClassActivity\Week3Challenge\Week3Challenge.csproj", "{F6380A18-F021-4143-9B86-60CF6C12E649}"
EndProject
Project("{2150E333-8FDC-42A3-9474-1A3956D46DE8}") = "week4code", "week4code", "{A4EF6AFB-D073-4F70-8DD3-81FC49554F60}"
EndProject
Project("{9A19103F-16F7-4668-BE54-9A1E7A4F7556}") = "Midterm", "W4\week4code\Lab\Midterm.csproj", "{03C07C60-F452-45B5-B5DF-26D04F3017BF}"
EndProject
Project("{2150E333-8FDC-42A3-9474-1A3956D46DE8}") = "W5", "W5", "{D4E1B3FB-1682-439D-865B-F1885EE84E58}"
EndProject
Project("{2150E333-8FDC-42A3-9474-1A3956D46DE8}") = "midterm", "midterm", "{F17745EF-9A77-4040-922C-D036D968FC72}"
EndProject
Project("{9A19103F-16F7-4668-BE54-9A1E7A4F7556}") = "Midterm", "W5\midterm\Midterm\Midterm.csproj", "{B17BDF19-5803-42B0-B4CF-6BBE976737AE}"
EndProject
Project("{2150E333-8FDC-42A3-9474-1A3956D46DE8}") = "Week3Challenge (1)", "Week3Challenge", "{9499E8D8-FA04-49E7-935B-22E2B0DC65E6}"
EndProject
Project("{9A19103F-16F7-4668-BE54-9A1E7A4F7556}") = "challengeTwo", "W3\ClassActivity\Week3Challenge\challengeTwo\challengeTwo.csproj", "{641A0789-73A5-449B-9DA2-DA439BED9CA8}"
EndProject
Global
	GlobalSection(SolutionConfigurationPlatforms) = preSolution
		Debug|Any CPU = Debug|Any CPU
		Release|Any CPU = Release|Any CPU
	EndGlobalSection
	GlobalSection(ProjectConfigurationPlatforms) = postSolution
		{674014E9-E498-4363-BE34-16F4D3BA1015}.Debug|Any CPU.ActiveCfg = Debug|Any CPU
		{674014E9-E498-4363-BE34-16F4D3BA1015}.Debug|Any CPU.Build.0 = Debug|Any CPU
		{674014E9-E498-4363-BE34-16F4D3BA1015}.Release|Any CPU.ActiveCfg = Release|Any CPU
		{674014E9-E498-4363-BE34-16F4D3BA1015}.Release|Any CPU.Build.0 = Release|Any CPU
		{13FDC360-C8C9-4C58-8CC1-756242223690}.Debug|Any CPU.ActiveCfg = Debug|Any CPU
		{13FDC360-C8C9-4C58-8CC1-756242223690}.Debug|Any CPU.Build.0 = Debug|Any CPU
		{13FDC360-C8C9-4C58-8CC1-756242223690}.Release|Any CPU.ActiveCfg = Release|Any CPU
		{13FDC360-C8C9-4C58-8CC1-756242223690}.Release|Any CPU.Build.0 = Release|Any CPU
		{E8A6B843-0DCE-4768-A89B-D0DE7DA0A0F3}.Debug|Any CPU.ActiveCfg = Debug|Any CPU
		{E8A6B843-0DCE-4768-A89B-D0DE7DA0A0F3}.Debug|Any CPU.Build.0 = Debug|Any CPU
		{E8A6B843-0DCE-4768-A89B-D0DE7DA0A0F3}.Release|Any CPU.ActiveCfg = Release|Any CPU
		{E8A6B843-0DCE-4768-A89B-D0DE7DA0A0F3}.Release|Any CPU.Build.0 = Release|Any CPU
		{F8128DBE-7B7E-48BF-AB7A-04F0C6D08FEC}.Debug|Any CPU.ActiveCfg = Debug|Any CPU
		{F8128DBE-7B7E-48BF-AB7A-04F0C6D08FEC}.Debug|Any CPU.Build.0 = Debug|Any CPU
		{F8128DBE-7B7E-48BF-AB7A-04F0C6D08FEC}.Release|Any CPU.ActiveCfg = Release|Any CPU
		{F8128DBE-7B7E-48BF-AB7A-04F0C6D08FEC}.Release|Any CPU.Build.0 = Release|Any CPU
		{EF5ED8DF-EDFB-43D2-8B27-B964319D97DA}.Debug|Any CPU.ActiveCfg = Debug|Any CPU
		{EF5ED8DF-EDFB-43D2-8B27-B964319D97DA}.Debug|Any CPU.Build.0 = Debug|Any CPU
		{EF5ED8DF-EDFB-43D2-8B27-B964319D97DA}.Release|Any CPU.ActiveCfg = Release|Any CPU
		{EF5ED8DF-EDFB-43D2-8B27-B964319D97DA}.Release|Any CPU.Build.0 = Release|Any CPU
		{D97F9871-A4E1-4A6A-99C4-1F0B2E310466}.Debug|Any CPU.ActiveCfg = Debug|Any CPU
		{D97F9871-A4E1-4A6A-99C4-1F0B2E310466}.Debug|Any CPU.Build.0 = Debug|Any CPU
		{D97F9871-A4E1-4A6A-99C4-1F0B2E310466}.Release|Any CPU.ActiveCfg = Release|Any CPU
		{D97F9871-A4E1-4A6A-99C4-1F0B2E310466}.Release|Any CPU.Build.0 = Release|Any CPU
		{8799FF18-D769-4143-A4B4-DD59858BA92E}.Debug|Any CPU.ActiveCfg = Debug|Any CPU
		{8799FF18-D769-4143-A4B4-DD59858BA92E}.Debug|Any CPU.Build.0 = Debug|Any CPU
		{8799FF18-D769-4143-A4B4-DD59858BA92E}.Release|Any CPU.ActiveCfg = Release|Any CPU
		{8799FF18-D769-4143-A4B4-DD59858BA92E}.Release|Any CPU.Build.0 = Release|Any CPU
		{F14B9F9F-0087-4137-A086-AD3E3CE411BA}.Debug|Any CPU.ActiveCfg = Debug|Any CPU
		{F14B9F9F-0087-4137-A086-AD3E3CE411BA}.Debug|Any CPU.Build.0 = Debug|Any CPU
		{F14B9F9F-0087-4137-A086-AD3E3CE411BA}.Release|Any CPU.ActiveCfg = Release|Any CPU
		{F14B9F9F-0087-4137-A086-AD3E3CE411BA}.Release|Any CPU.Build.0 = Release|Any CPU
		{014BC931-7BD3-420B-ABA5-A0EFEDDBFFFE}.Debug|Any CPU.ActiveCfg = Debug|Any CPU
		{014BC931-7BD3-420B-ABA5-A0EFEDDBFFFE}.Debug|Any CPU.Build.0 = Debug|Any CPU
		{014BC931-7BD3-420B-ABA5-A0EFEDDBFFFE}.Release|Any CPU.ActiveCfg = Release|Any CPU
		{014BC931-7BD3-420B-ABA5-A0EFEDDBFFFE}.Release|Any CPU.Build.0 = Release|Any CPU
		{23F80508-9BE3-4433-823E-A93CC36875A9}.Debug|Any CPU.ActiveCfg = Debug|Any CPU
		{23F80508-9BE3-4433-823E-A93CC36875A9}.Debug|Any CPU.Build.0 = Debug|Any CPU
		{23F80508-9BE3-4433-823E-A93CC36875A9}.Release|Any CPU.ActiveCfg = Release|Any CPU
		{23F80508-9BE3-4433-823E-A93CC36875A9}.Release|Any CPU.Build.0 = Release|Any CPU
		{F6380A18-F021-4143-9B86-60CF6C12E649}.Debug|Any CPU.ActiveCfg = Debug|Any CPU
		{F6380A18-F021-4143-9B86-60CF6C12E649}.Debug|Any CPU.Build.0 = Debug|Any CPU
		{F6380A18-F021-4143-9B86-60CF6C12E649}.Release|Any CPU.ActiveCfg = Release|Any CPU
		{F6380A18-F021-4143-9B86-60CF6C12E649}.Release|Any CPU.Build.0 = Release|Any CPU
		{03C07C60-F452-45B5-B5DF-26D04F3017BF}.Debug|Any CPU.ActiveCfg = Debug|Any CPU
		{03C07C60-F452-45B5-B5DF-26D04F3017BF}.Debug|Any CPU.Build.0 = Debug|Any CPU
		{03C07C60-F452-45B5-B5DF-26D04F3017BF}.Release|Any CPU.ActiveCfg = Release|Any CPU
		{03C07C60-F452-45B5-B5DF-26D04F3017BF}.Release|Any CPU.Build.0 = Release|Any CPU
		{B17BDF19-5803-42B0-B4CF-6BBE976737AE}.Debug|Any CPU.ActiveCfg = Debug|Any CPU
		{B17BDF19-5803-42B0-B4CF-6BBE976737AE}.Debug|Any CPU.Build.0 = Debug|Any CPU
		{B17BDF19-5803-42B0-B4CF-6BBE976737AE}.Release|Any CPU.ActiveCfg = Release|Any CPU
		{B17BDF19-5803-42B0-B4CF-6BBE976737AE}.Release|Any CPU.Build.0 = Release|Any CPU
		{641A0789-73A5-449B-9DA2-DA439BED9CA8}.Debug|Any CPU.ActiveCfg = Debug|Any CPU
		{641A0789-73A5-449B-9DA2-DA439BED9CA8}.Debug|Any CPU.Build.0 = Debug|Any CPU
		{641A0789-73A5-449B-9DA2-DA439BED9CA8}.Release|Any CPU.ActiveCfg = Release|Any CPU
		{641A0789-73A5-449B-9DA2-DA439BED9CA8}.Release|Any CPU.Build.0 = Release|Any CPU
	EndGlobalSection
	GlobalSection(SolutionProperties) = preSolution
		HideSolutionNode = FALSE
	EndGlobalSection
	GlobalSection(NestedProjects) = preSolution
		{13FDC360-C8C9-4C58-8CC1-756242223690} = {DE98925F-2DC1-488C-B6CB-D8CB888B4B6C}
		{E8A6B843-0DCE-4768-A89B-D0DE7DA0A0F3} = {DE98925F-2DC1-488C-B6CB-D8CB888B4B6C}
		{F8128DBE-7B7E-48BF-AB7A-04F0C6D08FEC} = {DE98925F-2DC1-488C-B6CB-D8CB888B4B6C}
		{EF5ED8DF-EDFB-43D2-8B27-B964319D97DA} = {43AB83EB-524F-4D8E-A1B5-56DAB377E87B}
		{D97F9871-A4E1-4A6A-99C4-1F0B2E310466} = {43AB83EB-524F-4D8E-A1B5-56DAB377E87B}
		{8799FF18-D769-4143-A4B4-DD59858BA92E} = {16C819FD-F043-4BD5-877B-540D16E8DA72}
		{F14B9F9F-0087-4137-A086-AD3E3CE411BA} = {16C819FD-F043-4BD5-877B-540D16E8DA72}
		{014BC931-7BD3-420B-ABA5-A0EFEDDBFFFE} = {156DCAED-16E5-4FA2-996C-2222BAE576B8}
		{23F80508-9BE3-4433-823E-A93CC36875A9} = {9DC26402-AEF5-4274-8B87-839BCAE2729A}
		{5FA6481E-0196-43DC-814A-B0C7E14758C9} = {16C819FD-F043-4BD5-877B-540D16E8DA72}
		{F6380A18-F021-4143-9B86-60CF6C12E649} = {5FA6481E-0196-43DC-814A-B0C7E14758C9}
		{A4EF6AFB-D073-4F70-8DD3-81FC49554F60} = {156DCAED-16E5-4FA2-996C-2222BAE576B8}
		{03C07C60-F452-45B5-B5DF-26D04F3017BF} = {A4EF6AFB-D073-4F70-8DD3-81FC49554F60}
		{F17745EF-9A77-4040-922C-D036D968FC72} = {D4E1B3FB-1682-439D-865B-F1885EE84E58}
		{B17BDF19-5803-42B0-B4CF-6BBE976737AE} = {F17745EF-9A77-4040-922C-D036D968FC72}
		{9499E8D8-FA04-49E7-935B-22E2B0DC65E6} = {5FA6481E-0196-43DC-814A-B0C7E14758C9}
		{641A0789-73A5-449B-9DA2-DA439BED9CA8} = {9499E8D8-FA04-49E7-935B-22E2B0DC65E6}
	EndGlobalSection
	GlobalSection(ExtensibilityGlobals) = postSolution
		SolutionGuid = {C1AE5B07-C1A7-469E-B5D2-E9D6A1EC3E86}
	EndGlobalSection
EndGlobal
