
Microsoft Visual Studio Solution File, Format Version 12.00
# Visual Studio Version 17
VisualStudioVersion = 17.5.002.0
MinimumVisualStudioVersion = 10.0.40219.1
Project("{2150E333-8FDC-42A3-9474-1A3956D46DE8}") = "W1", "W1", "{466DC1A0-E0E5-4AE3-9C2D-1BDBC665779B}"
EndProject
Project("{9A19103F-16F7-4668-BE54-9A1E7A4F7556}") = "helloWorld", "W1\helloWorld\helloWorld.csproj", "{700AC9B5-D38A-46D0-A4B1-D8872E3852BE}"
EndProject
Project("{FAE04EC0-301F-11D3-BF4B-00C04F79EFBC}") = "Lab1", "Lab1\Lab1.csproj", "{F5B67A77-8BA7-4C24-B238-1582135911F6}"
EndProject
Global
	GlobalSection(SolutionConfigurationPlatforms) = preSolution
		Debug|Any CPU = Debug|Any CPU
		Release|Any CPU = Release|Any CPU
	EndGlobalSection
	GlobalSection(ProjectConfigurationPlatforms) = postSolution
		{700AC9B5-D38A-46D0-A4B1-D8872E3852BE}.Debug|Any CPU.ActiveCfg = Debug|Any CPU
		{700AC9B5-D38A-46D0-A4B1-D8872E3852BE}.Debug|Any CPU.Build.0 = Debug|Any CPU
		{700AC9B5-D38A-46D0-A4B1-D8872E3852BE}.Release|Any CPU.ActiveCfg = Release|Any CPU
		{700AC9B5-D38A-46D0-A4B1-D8872E3852BE}.Release|Any CPU.Build.0 = Release|Any CPU
		{F5B67A77-8BA7-4C24-B238-1582135911F6}.Debug|Any CPU.ActiveCfg = Debug|Any CPU
		{F5B67A77-8BA7-4C24-B238-1582135911F6}.Debug|Any CPU.Build.0 = Debug|Any CPU
		{F5B67A77-8BA7-4C24-B238-1582135911F6}.Release|Any CPU.ActiveCfg = Release|Any CPU
		{F5B67A77-8BA7-4C24-B238-1582135911F6}.Release|Any CPU.Build.0 = Release|Any CPU
	EndGlobalSection
	GlobalSection(SolutionProperties) = preSolution
		HideSolutionNode = FALSE
	EndGlobalSection
	GlobalSection(NestedProjects) = preSolution
		{700AC9B5-D38A-46D0-A4B1-D8872E3852BE} = {466DC1A0-E0E5-4AE3-9C2D-1BDBC665779B}
	EndGlobalSection
	GlobalSection(ExtensibilityGlobals) = postSolution
		SolutionGuid = {E626FF98-7DA3-4FFB-9E44-0D9A2B75594A}
	EndGlobalSection
EndGlobal
